
Microsoft Visual Studio Solution File, Format Version 12.00
# Visual Studio Version 17
VisualStudioVersion = 17.13.35806.99 d17.13
MinimumVisualStudioVersion = 10.0.40219.1
Project("{FAE04EC0-301F-11D3-BF4B-00C04F79EFBC}") = "FlightBooking", "FlightBooking.csproj", "{76724AA8-A957-43A8-BC71-827E6C22FCDD}"
EndProject
Global
	GlobalSection(SolutionConfigurationPlatforms) = preSolution
		Debug|Any CPU = Debug|Any CPU
		Release|Any CPU = Release|Any CPU
	EndGlobalSection
	GlobalSection(ProjectConfigurationPlatforms) = postSolution
		{76724AA8-A957-43A8-BC71-827E6C22FCDD}.Debug|Any CPU.ActiveCfg = Debug|Any CPU
		{76724AA8-A957-43A8-BC71-827E6C22FCDD}.Debug|Any CPU.Build.0 = Debug|Any CPU
		{76724AA8-A957-43A8-BC71-827E6C22FCDD}.Release|Any CPU.ActiveCfg = Release|Any CPU
		{76724AA8-A957-43A8-BC71-827E6C22FCDD}.Release|Any CPU.Build.0 = Release|Any CPU
	EndGlobalSection
	GlobalSection(SolutionProperties) = preSolution
		HideSolutionNode = FALSE
	EndGlobalSection
	GlobalSection(ExtensibilityGlobals) = postSolution
		SolutionGuid = {ED730E47-0942-48B6-B11D-9623CC9EDA5D}
	EndGlobalSection
EndGlobal
